// !$*UTF8*$!
{
	archiveVersion = 1;
	classes = {
	};
	objectVersion = 46;
	objects = {

/* Begin PBXBuildFile section */
		3F05DEEA1A98667C00E17782 /* MapKit.framework in Frameworks */ = {isa = PBXBuildFile; fileRef = 3F05DEE91A98667C00E17782 /* MapKit.framework */; };
		3F05DEEC1A98689E00E17782 /* Interface.storyboard in Resources */ = {isa = PBXBuildFile; fileRef = 3F05DEEB1A98689E00E17782 /* Interface.storyboard */; };
		3F5845181A66253E00FEDBB4 /* AppDelegate.swift in Sources */ = {isa = PBXBuildFile; fileRef = 3F5845171A66253E00FEDBB4 /* AppDelegate.swift */; };
		3F58451A1A66253E00FEDBB4 /* ViewController.swift in Sources */ = {isa = PBXBuildFile; fileRef = 3F5845191A66253E00FEDBB4 /* ViewController.swift */; };
		3F5845211A66253E00FEDBB4 /* Images.xcassets in Resources */ = {isa = PBXBuildFile; fileRef = 3F5845201A66253E00FEDBB4 /* Images.xcassets */; };
		3F5845241A66253E00FEDBB4 /* LaunchScreen.xib in Resources */ = {isa = PBXBuildFile; fileRef = 3F5845221A66253E00FEDBB4 /* LaunchScreen.xib */; };
/* End PBXBuildFile section */

/* Begin PBXFileReference section */
		3F05DEE91A98667C00E17782 /* MapKit.framework */ = {isa = PBXFileReference; lastKnownFileType = wrapper.framework; name = MapKit.framework; path = System/Library/Frameworks/MapKit.framework; sourceTree = SDKROOT; };
		3F05DEEB1A98689E00E17782 /* Interface.storyboard */ = {isa = PBXFileReference; fileEncoding = 4; lastKnownFileType = file.storyboard; path = Interface.storyboard; sourceTree = "<group>"; };
		3F5845121A66253E00FEDBB4 /* Tesla.app */ = {isa = PBXFileReference; explicitFileType = wrapper.application; includeInIndex = 0; path = Tesla.app; sourceTree = BUILT_PRODUCTS_DIR; };
		3F5845161A66253E00FEDBB4 /* Info.plist */ = {isa = PBXFileReference; lastKnownFileType = text.plist.xml; path = Info.plist; sourceTree = "<group>"; };
		3F5845171A66253E00FEDBB4 /* AppDelegate.swift */ = {isa = PBXFileReference; lastKnownFileType = sourcecode.swift; path = AppDelegate.swift; sourceTree = "<group>"; };
		3F5845191A66253E00FEDBB4 /* ViewController.swift */ = {isa = PBXFileReference; lastKnownFileType = sourcecode.swift; path = ViewController.swift; sourceTree = "<group>"; };
		3F5845201A66253E00FEDBB4 /* Images.xcassets */ = {isa = PBXFileReference; lastKnownFileType = folder.assetcatalog; path = Images.xcassets; sourceTree = "<group>"; };
		3F5845231A66253E00FEDBB4 /* Base */ = {isa = PBXFileReference; lastKnownFileType = file.xib; name = Base; path = Base.lproj/LaunchScreen.xib; sourceTree = "<group>"; };
/* End PBXFileReference section */

/* Begin PBXFrameworksBuildPhase section */
		3F58450F1A66253E00FEDBB4 /* Frameworks */ = {
			isa = PBXFrameworksBuildPhase;
			buildActionMask = 2147483647;
			files = (
				3F05DEEA1A98667C00E17782 /* MapKit.framework in Frameworks */,
			);
			runOnlyForDeploymentPostprocessing = 0;
		};
/* End PBXFrameworksBuildPhase section */

/* Begin PBXGroup section */
		3F5845091A66253E00FEDBB4 = {
			isa = PBXGroup;
			children = (
				3F05DEE91A98667C00E17782 /* MapKit.framework */,
				3F5845141A66253E00FEDBB4 /* Tesla */,
				3F5845131A66253E00FEDBB4 /* Products */,
			);
			sourceTree = "<group>";
		};
		3F5845131A66253E00FEDBB4 /* Products */ = {
			isa = PBXGroup;
			children = (
				3F5845121A66253E00FEDBB4 /* Tesla.app */,
			);
			name = Products;
			sourceTree = "<group>";
		};
		3F5845141A66253E00FEDBB4 /* Tesla */ = {
			isa = PBXGroup;
			children = (
				3F5845171A66253E00FEDBB4 /* AppDelegate.swift */,
				3F5845191A66253E00FEDBB4 /* ViewController.swift */,
				3F5845151A66253E00FEDBB4 /* Supporting Files */,
				3F05DEEB1A98689E00E17782 /* Interface.storyboard */,
			);
			path = Tesla;
			sourceTree = "<group>";
		};
		3F5845151A66253E00FEDBB4 /* Supporting Files */ = {
			isa = PBXGroup;
			children = (
				3F5845221A66253E00FEDBB4 /* LaunchScreen.xib */,
				3F5845201A66253E00FEDBB4 /* Images.xcassets */,
				3F5845161A66253E00FEDBB4 /* Info.plist */,
			);
			name = "Supporting Files";
			sourceTree = "<group>";
		};
/* End PBXGroup section */

/* Begin PBXNativeTarget section */
		3F5845111A66253E00FEDBB4 /* Tesla */ = {
			isa = PBXNativeTarget;
			buildConfigurationList = 3F5845331A66253E00FEDBB4 /* Build configuration list for PBXNativeTarget "Tesla" */;
			buildPhases = (
				3F58450E1A66253E00FEDBB4 /* Sources */,
				3F58450F1A66253E00FEDBB4 /* Frameworks */,
				3F5845101A66253E00FEDBB4 /* Resources */,
			);
			buildRules = (
			);
			dependencies = (
			);
			name = Tesla;
			productName = Tesla;
			productReference = 3F5845121A66253E00FEDBB4 /* Tesla.app */;
			productType = "com.apple.product-type.application";
		};
/* End PBXNativeTarget section */

/* Begin PBXProject section */
		3F58450A1A66253E00FEDBB4 /* Project object */ = {
			isa = PBXProject;
			attributes = {
				LastUpgradeCheck = 0610;
				ORGANIZATIONNAME = "Sahat Yalkabov";
				TargetAttributes = {
					3F5845111A66253E00FEDBB4 = {
						CreatedOnToolsVersion = 6.1.1;
						DevelopmentTeam = 2ARNJY38FW;
						SystemCapabilities = {
							com.apple.InAppPurchase = {
								enabled = 0;
							};
							com.apple.Maps.iOS = {
								enabled = 1;
							};
							com.apple.OMC = {
								enabled = 0;
							};
							com.apple.iCloud = {
								enabled = 0;
							};
						};
					};
				};
			};
			buildConfigurationList = 3F58450D1A66253E00FEDBB4 /* Build configuration list for PBXProject "Tesla" */;
			compatibilityVersion = "Xcode 3.2";
			developmentRegion = English;
			hasScannedForEncodings = 0;
			knownRegions = (
				en,
				Base,
			);
			mainGroup = 3F5845091A66253E00FEDBB4;
			productRefGroup = 3F5845131A66253E00FEDBB4 /* Products */;
			projectDirPath = "";
			projectRoot = "";
			targets = (
				3F5845111A66253E00FEDBB4 /* Tesla */,
			);
		};
/* End PBXProject section */

/* Begin PBXResourcesBuildPhase section */
		3F5845101A66253E00FEDBB4 /* Resources */ = {
			isa = PBXResourcesBuildPhase;
			buildActionMask = 2147483647;
			files = (
				3F05DEEC1A98689E00E17782 /* Interface.storyboard in Resources */,
				3F5845241A66253E00FEDBB4 /* LaunchScreen.xib in Resources */,
				3F5845211A66253E00FEDBB4 /* Images.xcassets in Resources */,
			);
			runOnlyForDeploymentPostprocessing = 0;
		};
/* End PBXResourcesBuildPhase section */

/* Begin PBXSourcesBuildPhase section */
		3F58450E1A66253E00FEDBB4 /* Sources */ = {
			isa = PBXSourcesBuildPhase;
			buildActionMask = 2147483647;
			files = (
				3F5845181A66253E00FEDBB4 /* AppDelegate.swift in Sources */,
				3F58451A1A66253E00FEDBB4 /* ViewController.swift in Sources */,
			);
			runOnlyForDeploymentPostprocessing = 0;
		};
/* End PBXSourcesBuildPhase section */

/* Begin PBXVariantGroup section */
		3F5845221A66253E00FEDBB4 /* LaunchScreen.xib */ = {
			isa = PBXVariantGroup;
			children = (
				3F5845231A66253E00FEDBB4 /* Base */,
			);
			name = LaunchScreen.xib;
			sourceTree = "<group>";
		};
/* End PBXVariantGroup section */

/* Begin XCBuildConfiguration section */
		3F5845311A66253E00FEDBB4 /* Debug */ = {
			isa = XCBuildConfiguration;
			buildSettings = {
				ALWAYS_SEARCH_USER_PATHS = NO;
				CLANG_CXX_LANGUAGE_STANDARD = "gnu++0x";
				CLANG_CXX_LIBRARY = "libc++";
				CLANG_ENABLE_MODULES = YES;
				CLANG_ENABLE_OBJC_ARC = YES;
				CLANG_WARN_BOOL_CONVERSION = YES;
				CLANG_WARN_CONSTANT_CONVERSION = YES;
				CLANG_WARN_DIRECT_OBJC_ISA_USAGE = YES_ERROR;
				CLANG_WARN_EMPTY_BODY = YES;
				CLANG_WARN_ENUM_CONVERSION = YES;
				CLANG_WARN_INT_CONVERSION = YES;
				CLANG_WARN_OBJC_ROOT_CLASS = YES_ERROR;
				CLANG_WARN_UNREACHABLE_CODE = YES;
				CLANG_WARN__DUPLICATE_METHOD_MATCH = YES;
				"CODE_SIGN_IDENTITY[sdk=iphoneos*]" = "iPhone Developer";
				COPY_PHASE_STRIP = NO;
				ENABLE_STRICT_OBJC_MSGSEND = YES;
				GCC_C_LANGUAGE_STANDARD = gnu99;
				GCC_DYNAMIC_NO_PIC = NO;
				GCC_OPTIMIZATION_LEVEL = 0;
				GCC_PREPROCESSOR_DEFINITIONS = (
					"DEBUG=1",
					"$(inherited)",
				);
				GCC_SYMBOLS_PRIVATE_EXTERN = NO;
				GCC_WARN_64_TO_32_BIT_CONVERSION = YES;
				GCC_WARN_ABOUT_RETURN_TYPE = YES_ERROR;
				GCC_WARN_UNDECLARED_SELECTOR = YES;
				GCC_WARN_UNINITIALIZED_AUTOS = YES_AGGRESSIVE;
				GCC_WARN_UNUSED_FUNCTION = YES;
				GCC_WARN_UNUSED_VARIABLE = YES;
				IPHONEOS_DEPLOYMENT_TARGET = 8.1;
				MTL_ENABLE_DEBUG_INFO = YES;
				ONLY_ACTIVE_ARCH = YES;
				SDKROOT = iphoneos;
				SWIFT_OPTIMIZATION_LEVEL = "-Onone";
			};
			name = Debug;
		};
		3F5845321A66253E00FEDBB4 /* Release */ = {
			isa = XCBuildConfiguration;
			buildSettings = {
				ALWAYS_SEARCH_USER_PATHS = NO;
				CLANG_CXX_LANGUAGE_STANDARD = "gnu++0x";
				CLANG_CXX_LIBRARY = "libc++";
				CLANG_ENABLE_MODULES = YES;
				CLANG_ENABLE_OBJC_ARC = YES;
				CLANG_WARN_BOOL_CONVERSION = YES;
				CLANG_WARN_CONSTANT_CONVERSION = YES;
				CLANG_WARN_DIRECT_OBJC_ISA_USAGE = YES_ERROR;
				CLANG_WARN_EMPTY_BODY = YES;
				CLANG_WARN_ENUM_CONVERSION = YES;
				CLANG_WARN_INT_CONVERSION = YES;
				CLANG_WARN_OBJC_ROOT_CLASS = YES_ERROR;
				CLANG_WARN_UNREACHABLE_CODE = YES;
				CLANG_WARN__DUPLICATE_METHOD_MATCH = YES;
				"CODE_SIGN_IDENTITY[sdk=iphoneos*]" = "iPhone Developer";
				COPY_PHASE_STRIP = YES;
				ENABLE_NS_ASSERTIONS = NO;
				ENABLE_STRICT_OBJC_MSGSEND = YES;
				GCC_C_LANGUAGE_STANDARD = gnu99;
				GCC_WARN_64_TO_32_BIT_CONVERSION = YES;
				GCC_WARN_ABOUT_RETURN_TYPE = YES_ERROR;
				GCC_WARN_UNDECLARED_SELECTOR = YES;
				GCC_WARN_UNINITIALIZED_AUTOS = YES_AGGRESSIVE;
				GCC_WARN_UNUSED_FUNCTION = YES;
				GCC_WARN_UNUSED_VARIABLE = YES;
				IPHONEOS_DEPLOYMENT_TARGET = 8.1;
				MTL_ENABLE_DEBUG_INFO = NO;
				SDKROOT = iphoneos;
				VALIDATE_PRODUCT = YES;
			};
			name = Release;
		};
		3F5845341A66253E00FEDBB4 /* Debug */ = {
			isa = XCBuildConfiguration;
			buildSettings = {
				ASSETCATALOG_COMPILER_APPICON_NAME = AppIcon;
				CLANG_ENABLE_MODULES = YES;
				CODE_SIGN_ENTITLEMENTS = Tesla/Tesla.entitlements;
				CODE_SIGN_IDENTITY = "iPhone Developer";
				"CODE_SIGN_IDENTITY[sdk=iphoneos*]" = "iPhone Developer";
				FRAMEWORK_SEARCH_PATHS = (
					"$(inherited)",
					"$(PROJECT_DIR)",
				);
				INFOPLIST_FILE = Tesla/Info.plist;
				LD_RUNPATH_SEARCH_PATHS = "$(inherited) @executable_path/Frameworks";
				OTHER_LDFLAGS = "-ObjC";
				PRODUCT_NAME = "$(TARGET_NAME)";
				PROVISIONING_PROFILE = "";
				SWIFT_OBJC_BRIDGING_HEADER = "";
				SWIFT_OPTIMIZATION_LEVEL = "-Onone";
				TARGETED_DEVICE_FAMILY = "1,2";
			};
			name = Debug;
		};
		3F5845351A66253E00FEDBB4 /* Release */ = {
			isa = XCBuildConfiguration;
			buildSettings = {
				ASSETCATALOG_COMPILER_APPICON_NAME = AppIcon;
				CLANG_ENABLE_MODULES = YES;
				CODE_SIGN_ENTITLEMENTS = Tesla/Tesla.entitlements;
				CODE_SIGN_IDENTITY = "iPhone Developer";
				"CODE_SIGN_IDENTITY[sdk=iphoneos*]" = "iPhone Developer";
				FRAMEWORK_SEARCH_PATHS = (
					"$(inherited)",
					"$(PROJECT_DIR)",
				);
				INFOPLIST_FILE = Tesla/Info.plist;
				LD_RUNPATH_SEARCH_PATHS = "$(inherited) @executable_path/Frameworks";
				OTHER_LDFLAGS = "-ObjC";
				PRODUCT_NAME = "$(TARGET_NAME)";
				PROVISIONING_PROFILE = "";
				SWIFT_OBJC_BRIDGING_HEADER = "";
				TARGETED_DEVICE_FAMILY = "1,2";
			};
			name = Release;
		};
/* End XCBuildConfiguration section */

/* Begin XCConfigurationList section */
		3F58450D1A66253E00FEDBB4 /* Build configuration list for PBXProject "Tesla" */ = {
			isa = XCConfigurationList;
			buildConfigurations = (
				3F5845311A66253E00FEDBB4 /* Debug */,
				3F5845321A66253E00FEDBB4 /* Release */,
			);
			defaultConfigurationIsVisible = 0;
			defaultConfigurationName = Release;
		};
		3F5845331A66253E00FEDBB4 /* Build configuration list for PBXNativeTarget "Tesla" */ = {
			isa = XCConfigurationList;
			buildConfigurations = (
				3F5845341A66253E00FEDBB4 /* Debug */,
				3F5845351A66253E00FEDBB4 /* Release */,
			);
			defaultConfigurationIsVisible = 0;
			defaultConfigurationName = Release;
		};
/* End XCConfigurationList section */
	};
	rootObject = 3F58450A1A66253E00FEDBB4 /* Project object */;
}
